
Microsoft Visual Studio Solution File, Format Version 12.00
# Visual Studio Version 16
VisualStudioVersion = 25.0.1703.5
MinimumVisualStudioVersion = 10.0.40219.1
Project("{FAE04EC0-301F-11D3-BF4B-00C04F79EFBC}") = "TL.Question1", "TL.Question1\TL.Question1.csproj", "{D072FF82-DC3B-4B57-B03B-C7971C8C94F5}"
EndProject
Project("{FAE04EC0-301F-11D3-BF4B-00C04F79EFBC}") = "TL.Question2", "TL.Question2\TL.Question2.csproj", "{A81C60A6-4305-4A5A-AEBA-934C50FE8920}"
EndProject
Project("{FAE04EC0-301F-11D3-BF4B-00C04F79EFBC}") = "TL.Question2.Tests", "TL.Question2.Tests\TL.Question2.Tests.csproj", "{EE8CA203-6548-4E76-97F6-877534A0B012}"
EndProject
Global
	GlobalSection(SolutionConfigurationPlatforms) = preSolution
		Debug|Any CPU = Debug|Any CPU
		Release|Any CPU = Release|Any CPU
	EndGlobalSection
	GlobalSection(ProjectConfigurationPlatforms) = postSolution
		{D072FF82-DC3B-4B57-B03B-C7971C8C94F5}.Debug|Any CPU.ActiveCfg = Debug|Any CPU
		{D072FF82-DC3B-4B57-B03B-C7971C8C94F5}.Debug|Any CPU.Build.0 = Debug|Any CPU
		{D072FF82-DC3B-4B57-B03B-C7971C8C94F5}.Release|Any CPU.ActiveCfg = Release|Any CPU
		{D072FF82-DC3B-4B57-B03B-C7971C8C94F5}.Release|Any CPU.Build.0 = Release|Any CPU
		{A81C60A6-4305-4A5A-AEBA-934C50FE8920}.Debug|Any CPU.ActiveCfg = Debug|Any CPU
		{A81C60A6-4305-4A5A-AEBA-934C50FE8920}.Debug|Any CPU.Build.0 = Debug|Any CPU
		{A81C60A6-4305-4A5A-AEBA-934C50FE8920}.Release|Any CPU.ActiveCfg = Release|Any CPU
		{A81C60A6-4305-4A5A-AEBA-934C50FE8920}.Release|Any CPU.Build.0 = Release|Any CPU
		{EE8CA203-6548-4E76-97F6-877534A0B012}.Debug|Any CPU.ActiveCfg = Debug|Any CPU
		{EE8CA203-6548-4E76-97F6-877534A0B012}.Debug|Any CPU.Build.0 = Debug|Any CPU
		{EE8CA203-6548-4E76-97F6-877534A0B012}.Release|Any CPU.ActiveCfg = Release|Any CPU
		{EE8CA203-6548-4E76-97F6-877534A0B012}.Release|Any CPU.Build.0 = Release|Any CPU
	EndGlobalSection
	GlobalSection(SolutionProperties) = preSolution
		HideSolutionNode = FALSE
	EndGlobalSection
	GlobalSection(ExtensibilityGlobals) = postSolution
		SolutionGuid = {9A695BC9-A75A-4642-B351-C9070811AC0B}
	EndGlobalSection
EndGlobal
